// !$*UTF8*$!
{
	archiveVersion = 1;
	classes = {
	};
	objectVersion = 46;
	objects = {

/* Begin PBXBuildFile section */
		6A95AC611BCFBD3300075202 /* AppDelegate.swift in Sources */ = {isa = PBXBuildFile; fileRef = 6A95AC601BCFBD3300075202 /* AppDelegate.swift */; };
		6A95AC631BCFBD3300075202 /* ViewController.swift in Sources */ = {isa = PBXBuildFile; fileRef = 6A95AC621BCFBD3300075202 /* ViewController.swift */; };
		6A95AC661BCFBD3300075202 /* Main.storyboard in Resources */ = {isa = PBXBuildFile; fileRef = 6A95AC641BCFBD3300075202 /* Main.storyboard */; };
		6A95AC681BCFBD3300075202 /* Assets.xcassets in Resources */ = {isa = PBXBuildFile; fileRef = 6A95AC671BCFBD3300075202 /* Assets.xcassets */; };
		6A95AC6B1BCFBD3300075202 /* LaunchScreen.storyboard in Resources */ = {isa = PBXBuildFile; fileRef = 6A95AC691BCFBD3300075202 /* LaunchScreen.storyboard */; };
		6A95AC761BCFBD3300075202 /* testprojectTests.swift in Sources */ = {isa = PBXBuildFile; fileRef = 6A95AC751BCFBD3300075202 /* testprojectTests.swift */; };
		6A95AC811BCFBD3300075202 /* testprojectUITests.swift in Sources */ = {isa = PBXBuildFile; fileRef = 6A95AC801BCFBD3300075202 /* testprojectUITests.swift */; };
/* End PBXBuildFile section */

/* Begin PBXContainerItemProxy section */
		6A95AC721BCFBD3300075202 /* PBXContainerItemProxy */ = {
			isa = PBXContainerItemProxy;
			containerPortal = 6A95AC551BCFBD3300075202 /* Project object */;
			proxyType = 1;
			remoteGlobalIDString = 6A95AC5C1BCFBD3300075202;
			remoteInfo = testproject;
		};
		6A95AC7D1BCFBD3300075202 /* PBXContainerItemProxy */ = {
			isa = PBXContainerItemProxy;
			containerPortal = 6A95AC551BCFBD3300075202 /* Project object */;
			proxyType = 1;
			remoteGlobalIDString = 6A95AC5C1BCFBD3300075202;
			remoteInfo = testproject;
		};
/* End PBXContainerItemProxy section */

/* Begin PBXFileReference section */
		6A95AC5D1BCFBD3300075202 /* testproject.app */ = {isa = PBXFileReference; explicitFileType = wrapper.application; includeInIndex = 0; path = testproject.app; sourceTree = BUILT_PRODUCTS_DIR; };
		6A95AC601BCFBD3300075202 /* AppDelegate.swift */ = {isa = PBXFileReference; lastKnownFileType = sourcecode.swift; path = AppDelegate.swift; sourceTree = "<group>"; };
		6A95AC621BCFBD3300075202 /* ViewController.swift */ = {isa = PBXFileReference; lastKnownFileType = sourcecode.swift; path = ViewController.swift; sourceTree = "<group>"; };
		6A95AC651BCFBD3300075202 /* Base */ = {isa = PBXFileReference; lastKnownFileType = file.storyboard; name = Base; path = Base.lproj/Main.storyboard; sourceTree = "<group>"; };
		6A95AC671BCFBD3300075202 /* Assets.xcassets */ = {isa = PBXFileReference; lastKnownFileType = folder.assetcatalog; path = Assets.xcassets; sourceTree = "<group>"; };
		6A95AC6A1BCFBD3300075202 /* Base */ = {isa = PBXFileReference; lastKnownFileType = file.storyboard; name = Base; path = Base.lproj/LaunchScreen.storyboard; sourceTree = "<group>"; };
		6A95AC6C1BCFBD3300075202 /* Info.plist */ = {isa = PBXFileReference; lastKnownFileType = text.plist.xml; path = Info.plist; sourceTree = "<group>"; };
		6A95AC711BCFBD3300075202 /* testprojectTests.xctest */ = {isa = PBXFileReference; explicitFileType = wrapper.cfbundle; includeInIndex = 0; path = testprojectTests.xctest; sourceTree = BUILT_PRODUCTS_DIR; };
		6A95AC751BCFBD3300075202 /* testprojectTests.swift */ = {isa = PBXFileReference; lastKnownFileType = sourcecode.swift; path = testprojectTests.swift; sourceTree = "<group>"; };
		6A95AC771BCFBD3300075202 /* Info.plist */ = {isa = PBXFileReference; lastKnownFileType = text.plist.xml; path = Info.plist; sourceTree = "<group>"; };
		6A95AC7C1BCFBD3300075202 /* testprojectUITests.xctest */ = {isa = PBXFileReference; explicitFileType = wrapper.cfbundle; includeInIndex = 0; path = testprojectUITests.xctest; sourceTree = BUILT_PRODUCTS_DIR; };
		6A95AC801BCFBD3300075202 /* testprojectUITests.swift */ = {isa = PBXFileReference; lastKnownFileType = sourcecode.swift; path = testprojectUITests.swift; sourceTree = "<group>"; };
		6A95AC821BCFBD3300075202 /* Info.plist */ = {isa = PBXFileReference; lastKnownFileType = text.plist.xml; path = Info.plist; sourceTree = "<group>"; };
/* End PBXFileReference section */

/* Begin PBXFrameworksBuildPhase section */
		6A95AC5A1BCFBD3300075202 /* Frameworks */ = {
			isa = PBXFrameworksBuildPhase;
			buildActionMask = 2147483647;
			files = (
			);
			runOnlyForDeploymentPostprocessing = 0;
		};
		6A95AC6E1BCFBD3300075202 /* Frameworks */ = {
			isa = PBXFrameworksBuildPhase;
			buildActionMask = 2147483647;
			files = (
			);
			runOnlyForDeploymentPostprocessing = 0;
		};
		6A95AC791BCFBD3300075202 /* Frameworks */ = {
			isa = PBXFrameworksBuildPhase;
			buildActionMask = 2147483647;
			files = (
			);
			runOnlyForDeploymentPostprocessing = 0;
		};
/* End PBXFrameworksBuildPhase section */

/* Begin PBXGroup section */
		6A95AC541BCFBD3300075202 = {
			isa = PBXGroup;
			children = (
				6A95AC5F1BCFBD3300075202 /* testproject */,
				6A95AC741BCFBD3300075202 /* testprojectTests */,
				6A95AC7F1BCFBD3300075202 /* testprojectUITests */,
				6A95AC5E1BCFBD3300075202 /* Products */,
			);
			sourceTree = "<group>";
		};
		6A95AC5E1BCFBD3300075202 /* Products */ = {
			isa = PBXGroup;
			children = (
				6A95AC5D1BCFBD3300075202 /* testproject.app */,
				6A95AC711BCFBD3300075202 /* testprojectTests.xctest */,
				6A95AC7C1BCFBD3300075202 /* testprojectUITests.xctest */,
			);
			name = Products;
			sourceTree = "<group>";
		};
		6A95AC5F1BCFBD3300075202 /* testproject */ = {
			isa = PBXGroup;
			children = (
				6A95AC601BCFBD3300075202 /* AppDelegate.swift */,
				6A95AC621BCFBD3300075202 /* ViewController.swift */,
				6A95AC641BCFBD3300075202 /* Main.storyboard */,
				6A95AC671BCFBD3300075202 /* Assets.xcassets */,
				6A95AC691BCFBD3300075202 /* LaunchScreen.storyboard */,
				6A95AC6C1BCFBD3300075202 /* Info.plist */,
			);
			path = testproject;
			sourceTree = "<group>";
		};
		6A95AC741BCFBD3300075202 /* testprojectTests */ = {
			isa = PBXGroup;
			children = (
				6A95AC751BCFBD3300075202 /* testprojectTests.swift */,
				6A95AC771BCFBD3300075202 /* Info.plist */,
			);
			path = testprojectTests;
			sourceTree = "<group>";
		};
		6A95AC7F1BCFBD3300075202 /* testprojectUITests */ = {
			isa = PBXGroup;
			children = (
				6A95AC801BCFBD3300075202 /* testprojectUITests.swift */,
				6A95AC821BCFBD3300075202 /* Info.plist */,
			);
			path = testprojectUITests;
			sourceTree = "<group>";
		};
/* End PBXGroup section */

/* Begin PBXNativeTarget section */
		6A95AC5C1BCFBD3300075202 /* testproject */ = {
			isa = PBXNativeTarget;
			buildConfigurationList = 6A95AC851BCFBD3300075202 /* Build configuration list for PBXNativeTarget "testproject" */;
			buildPhases = (
				6A95AC591BCFBD3300075202 /* Sources */,
				6A95AC5A1BCFBD3300075202 /* Frameworks */,
				6A95AC5B1BCFBD3300075202 /* Resources */,
			);
			buildRules = (
			);
			dependencies = (
			);
			name = testproject;
			productName = testproject;
			productReference = 6A95AC5D1BCFBD3300075202 /* testproject.app */;
			productType = "com.apple.product-type.application";
		};
		6A95AC701BCFBD3300075202 /* testprojectTests */ = {
			isa = PBXNativeTarget;
			buildConfigurationList = 6A95AC881BCFBD3300075202 /* Build configuration list for PBXNativeTarget "testprojectTests" */;
			buildPhases = (
				6A95AC6D1BCFBD3300075202 /* Sources */,
				6A95AC6E1BCFBD3300075202 /* Frameworks */,
				6A95AC6F1BCFBD3300075202 /* Resources */,
			);
			buildRules = (
			);
			dependencies = (
				6A95AC731BCFBD3300075202 /* PBXTargetDependency */,
			);
			name = testprojectTests;
			productName = testprojectTests;
			productReference = 6A95AC711BCFBD3300075202 /* testprojectTests.xctest */;
			productType = "com.apple.product-type.bundle.unit-test";
		};
		6A95AC7B1BCFBD3300075202 /* testprojectUITests */ = {
			isa = PBXNativeTarget;
			buildConfigurationList = 6A95AC8B1BCFBD3300075202 /* Build configuration list for PBXNativeTarget "testprojectUITests" */;
			buildPhases = (
				6A95AC781BCFBD3300075202 /* Sources */,
				6A95AC791BCFBD3300075202 /* Frameworks */,
				6A95AC7A1BCFBD3300075202 /* Resources */,
			);
			buildRules = (
			);
			dependencies = (
				6A95AC7E1BCFBD3300075202 /* PBXTargetDependency */,
			);
			name = testprojectUITests;
			productName = testprojectUITests;
			productReference = 6A95AC7C1BCFBD3300075202 /* testprojectUITests.xctest */;
			productType = "com.apple.product-type.bundle.ui-testing";
		};
/* End PBXNativeTarget section */

/* Begin PBXProject section */
		6A95AC551BCFBD3300075202 /* Project object */ = {
			isa = PBXProject;
			attributes = {
				LastUpgradeCheck = 0700;
				ORGANIZATIONNAME = "Clementina Tai";
				TargetAttributes = {
					6A95AC5C1BCFBD3300075202 = {
						CreatedOnToolsVersion = 7.0.1;
					};
					6A95AC701BCFBD3300075202 = {
						CreatedOnToolsVersion = 7.0.1;
						TestTargetID = 6A95AC5C1BCFBD3300075202;
					};
					6A95AC7B1BCFBD3300075202 = {
						CreatedOnToolsVersion = 7.0.1;
						TestTargetID = 6A95AC5C1BCFBD3300075202;
					};
				};
			};
			buildConfigurationList = 6A95AC581BCFBD3300075202 /* Build configuration list for PBXProject "testproject" */;
			compatibilityVersion = "Xcode 3.2";
			developmentRegion = English;
			hasScannedForEncodings = 0;
			knownRegions = (
				en,
				Base,
			);
			mainGroup = 6A95AC541BCFBD3300075202;
			productRefGroup = 6A95AC5E1BCFBD3300075202 /* Products */;
			projectDirPath = "";
			projectRoot = "";
			targets = (
				6A95AC5C1BCFBD3300075202 /* testproject */,
				6A95AC701BCFBD3300075202 /* testprojectTests */,
				6A95AC7B1BCFBD3300075202 /* testprojectUITests */,
			);
		};
/* End PBXProject section */

/* Begin PBXResourcesBuildPhase section */
		6A95AC5B1BCFBD3300075202 /* Resources */ = {
			isa = PBXResourcesBuildPhase;
			buildActionMask = 2147483647;
			files = (
				6A95AC6B1BCFBD3300075202 /* LaunchScreen.storyboard in Resources */,
				6A95AC681BCFBD3300075202 /* Assets.xcassets in Resources */,
				6A95AC661BCFBD3300075202 /* Main.storyboard in Resources */,
			);
			runOnlyForDeploymentPostprocessing = 0;
		};
		6A95AC6F1BCFBD3300075202 /* Resources */ = {
			isa = PBXResourcesBuildPhase;
			buildActionMask = 2147483647;
			files = (
			);
			runOnlyForDeploymentPostprocessing = 0;
		};
		6A95AC7A1BCFBD3300075202 /* Resources */ = {
			isa = PBXResourcesBuildPhase;
			buildActionMask = 2147483647;
			files = (
			);
			runOnlyForDeploymentPostprocessing = 0;
		};
/* End PBXResourcesBuildPhase section */

/* Begin PBXSourcesBuildPhase section */
		6A95AC591BCFBD3300075202 /* Sources */ = {
			isa = PBXSourcesBuildPhase;
			buildActionMask = 2147483647;
			files = (
				6A95AC631BCFBD3300075202 /* ViewController.swift in Sources */,
				6A95AC611BCFBD3300075202 /* AppDelegate.swift in Sources */,
			);
			runOnlyForDeploymentPostprocessing = 0;
		};
		6A95AC6D1BCFBD3300075202 /* Sources */ = {
			isa = PBXSourcesBuildPhase;
			buildActionMask = 2147483647;
			files = (
				6A95AC761BCFBD3300075202 /* testprojectTests.swift in Sources */,
			);
			runOnlyForDeploymentPostprocessing = 0;
		};
		6A95AC781BCFBD3300075202 /* Sources */ = {
			isa = PBXSourcesBuildPhase;
			buildActionMask = 2147483647;
			files = (
				6A95AC811BCFBD3300075202 /* testprojectUITests.swift in Sources */,
			);
			runOnlyForDeploymentPostprocessing = 0;
		};
/* End PBXSourcesBuildPhase section */

/* Begin PBXTargetDependency section */
		6A95AC731BCFBD3300075202 /* PBXTargetDependency */ = {
			isa = PBXTargetDependency;
			target = 6A95AC5C1BCFBD3300075202 /* testproject */;
			targetProxy = 6A95AC721BCFBD3300075202 /* PBXContainerItemProxy */;
		};
		6A95AC7E1BCFBD3300075202 /* PBXTargetDependency */ = {
			isa = PBXTargetDependency;
			target = 6A95AC5C1BCFBD3300075202 /* testproject */;
			targetProxy = 6A95AC7D1BCFBD3300075202 /* PBXContainerItemProxy */;
		};
/* End PBXTargetDependency section */

/* Begin PBXVariantGroup section */
		6A95AC641BCFBD3300075202 /* Main.storyboard */ = {
			isa = PBXVariantGroup;
			children = (
				6A95AC651BCFBD3300075202 /* Base */,
			);
			name = Main.storyboard;
			sourceTree = "<group>";
		};
		6A95AC691BCFBD3300075202 /* LaunchScreen.storyboard */ = {
			isa = PBXVariantGroup;
			children = (
				6A95AC6A1BCFBD3300075202 /* Base */,
			);
			name = LaunchScreen.storyboard;
			sourceTree = "<group>";
		};
/* End PBXVariantGroup section */

/* Begin XCBuildConfiguration section */
		6A95AC831BCFBD3300075202 /* Debug */ = {
			isa = XCBuildConfiguration;
			buildSettings = {
				ALWAYS_SEARCH_USER_PATHS = NO;
				CLANG_CXX_LANGUAGE_STANDARD = "gnu++0x";
				CLANG_CXX_LIBRARY = "libc++";
				CLANG_ENABLE_MODULES = YES;
				CLANG_ENABLE_OBJC_ARC = YES;
				CLANG_WARN_BOOL_CONVERSION = YES;
				CLANG_WARN_CONSTANT_CONVERSION = YES;
				CLANG_WARN_DIRECT_OBJC_ISA_USAGE = YES_ERROR;
				CLANG_WARN_EMPTY_BODY = YES;
				CLANG_WARN_ENUM_CONVERSION = YES;
				CLANG_WARN_INT_CONVERSION = YES;
				CLANG_WARN_OBJC_ROOT_CLASS = YES_ERROR;
				CLANG_WARN_UNREACHABLE_CODE = YES;
				CLANG_WARN__DUPLICATE_METHOD_MATCH = YES;
				"CODE_SIGN_IDENTITY[sdk=iphoneos*]" = "iPhone Developer";
				COPY_PHASE_STRIP = NO;
				DEBUG_INFORMATION_FORMAT = dwarf;
				ENABLE_STRICT_OBJC_MSGSEND = YES;
				ENABLE_TESTABILITY = YES;
				GCC_C_LANGUAGE_STANDARD = gnu99;
				GCC_DYNAMIC_NO_PIC = NO;
				GCC_NO_COMMON_BLOCKS = YES;
				GCC_OPTIMIZATION_LEVEL = 0;
				GCC_PREPROCESSOR_DEFINITIONS = (
					"DEBUG=1",
					"$(inherited)",
				);
				GCC_WARN_64_TO_32_BIT_CONVERSION = YES;
				GCC_WARN_ABOUT_RETURN_TYPE = YES_ERROR;
				GCC_WARN_UNDECLARED_SELECTOR = YES;
				GCC_WARN_UNINITIALIZED_AUTOS = YES_AGGRESSIVE;
				GCC_WARN_UNUSED_FUNCTION = YES;
				GCC_WARN_UNUSED_VARIABLE = YES;
				IPHONEOS_DEPLOYMENT_TARGET = 9.0;
				MTL_ENABLE_DEBUG_INFO = YES;
				ONLY_ACTIVE_ARCH = YES;
				SDKROOT = iphoneos;
				SWIFT_OPTIMIZATION_LEVEL = "-Onone";
				TARGETED_DEVICE_FAMILY = "1,2";
			};
			name = Debug;
		};
		6A95AC841BCFBD3300075202 /* Release */ = {
			isa = XCBuildConfiguration;
			buildSettings = {
				ALWAYS_SEARCH_USER_PATHS = NO;
				CLANG_CXX_LANGUAGE_STANDARD = "gnu++0x";
				CLANG_CXX_LIBRARY = "libc++";
				CLANG_ENABLE_MODULES = YES;
				CLANG_ENABLE_OBJC_ARC = YES;
				CLANG_WARN_BOOL_CONVERSION = YES;
				CLANG_WARN_CONSTANT_CONVERSION = YES;
				CLANG_WARN_DIRECT_OBJC_ISA_USAGE = YES_ERROR;
				CLANG_WARN_EMPTY_BODY = YES;
				CLANG_WARN_ENUM_CONVERSION = YES;
				CLANG_WARN_INT_CONVERSION = YES;
				CLANG_WARN_OBJC_ROOT_CLASS = YES_ERROR;
				CLANG_WARN_UNREACHABLE_CODE = YES;
				CLANG_WARN__DUPLICATE_METHOD_MATCH = YES;
				"CODE_SIGN_IDENTITY[sdk=iphoneos*]" = "iPhone Developer";
				COPY_PHASE_STRIP = NO;
				DEBUG_INFORMATION_FORMAT = "dwarf-with-dsym";
				ENABLE_NS_ASSERTIONS = NO;
				ENABLE_STRICT_OBJC_MSGSEND = YES;
				GCC_C_LANGUAGE_STANDARD = gnu99;
				GCC_NO_COMMON_BLOCKS = YES;
				GCC_WARN_64_TO_32_BIT_CONVERSION = YES;
				GCC_WARN_ABOUT_RETURN_TYPE = YES_ERROR;
				GCC_WARN_UNDECLARED_SELECTOR = YES;
				GCC_WARN_UNINITIALIZED_AUTOS = YES_AGGRESSIVE;
				GCC_WARN_UNUSED_FUNCTION = YES;
				GCC_WARN_UNUSED_VARIABLE = YES;
				IPHONEOS_DEPLOYMENT_TARGET = 9.0;
				MTL_ENABLE_DEBUG_INFO = NO;
				SDKROOT = iphoneos;
				TARGETED_DEVICE_FAMILY = "1,2";
				VALIDATE_PRODUCT = YES;
			};
			name = Release;
		};
		6A95AC861BCFBD3300075202 /* Debug */ = {
			isa = XCBuildConfiguration;
			buildSettings = {
				ASSETCATALOG_COMPILER_APPICON_NAME = AppIcon;
				INFOPLIST_FILE = testproject/Info.plist;
				LD_RUNPATH_SEARCH_PATHS = "$(inherited) @executable_path/Frameworks";
				PRODUCT_BUNDLE_IDENTIFIER = CT.testproject;
				PRODUCT_NAME = "$(TARGET_NAME)";
			};
			name = Debug;
		};
		6A95AC871BCFBD3300075202 /* Release */ = {
			isa = XCBuildConfiguration;
			buildSettings = {
				ASSETCATALOG_COMPILER_APPICON_NAME = AppIcon;
				INFOPLIST_FILE = testproject/Info.plist;
				LD_RUNPATH_SEARCH_PATHS = "$(inherited) @executable_path/Frameworks";
				PRODUCT_BUNDLE_IDENTIFIER = CT.testproject;
				PRODUCT_NAME = "$(TARGET_NAME)";
			};
			name = Release;
		};
		6A95AC891BCFBD3300075202 /* Debug */ = {
			isa = XCBuildConfiguration;
			buildSettings = {
				BUNDLE_LOADER = "$(TEST_HOST)";
				INFOPLIST_FILE = testprojectTests/Info.plist;
				LD_RUNPATH_SEARCH_PATHS = "$(inherited) @executable_path/Frameworks @loader_path/Frameworks";
				PRODUCT_BUNDLE_IDENTIFIER = CT.testprojectTests;
				PRODUCT_NAME = "$(TARGET_NAME)";
				TEST_HOST = "$(BUILT_PRODUCTS_DIR)/testproject.app/testproject";
			};
			name = Debug;
		};
		6A95AC8A1BCFBD3300075202 /* Release */ = {
			isa = XCBuildConfiguration;
			buildSettings = {
				BUNDLE_LOADER = "$(TEST_HOST)";
				INFOPLIST_FILE = testprojectTests/Info.plist;
				LD_RUNPATH_SEARCH_PATHS = "$(inherited) @executable_path/Frameworks @loader_path/Frameworks";
				PRODUCT_BUNDLE_IDENTIFIER = CT.testprojectTests;
				PRODUCT_NAME = "$(TARGET_NAME)";
				TEST_HOST = "$(BUILT_PRODUCTS_DIR)/testproject.app/testproject";
			};
			name = Release;
		};
		6A95AC8C1BCFBD3300075202 /* Debug */ = {
			isa = XCBuildConfiguration;
			buildSettings = {
				INFOPLIST_FILE = testprojectUITests/Info.plist;
				LD_RUNPATH_SEARCH_PATHS = "$(inherited) @executable_path/Frameworks @loader_path/Frameworks";
				PRODUCT_BUNDLE_IDENTIFIER = CT.testprojectUITests;
				PRODUCT_NAME = "$(TARGET_NAME)";
				TEST_TARGET_NAME = testproject;
				USES_XCTRUNNER = YES;
			};
			name = Debug;
		};
		6A95AC8D1BCFBD3300075202 /* Release */ = {
			isa = XCBuildConfiguration;
			buildSettings = {
				INFOPLIST_FILE = testprojectUITests/Info.plist;
				LD_RUNPATH_SEARCH_PATHS = "$(inherited) @executable_path/Frameworks @loader_path/Frameworks";
				PRODUCT_BUNDLE_IDENTIFIER = CT.testprojectUITests;
				PRODUCT_NAME = "$(TARGET_NAME)";
				TEST_TARGET_NAME = testproject;
				USES_XCTRUNNER = YES;
			};
			name = Release;
		};
/* End XCBuildConfiguration section */

/* Begin XCConfigurationList section */
		6A95AC581BCFBD3300075202 /* Build configuration list for PBXProject "testproject" */ = {
			isa = XCConfigurationList;
			buildConfigurations = (
				6A95AC831BCFBD3300075202 /* Debug */,
				6A95AC841BCFBD3300075202 /* Release */,
			);
			defaultConfigurationIsVisible = 0;
			defaultConfigurationName = Release;
		};
		6A95AC851BCFBD3300075202 /* Build configuration list for PBXNativeTarget "testproject" */ = {
			isa = XCConfigurationList;
			buildConfigurations = (
				6A95AC861BCFBD3300075202 /* Debug */,
				6A95AC871BCFBD3300075202 /* Release */,
			);
			defaultConfigurationIsVisible = 0;
		};
		6A95AC881BCFBD3300075202 /* Build configuration list for PBXNativeTarget "testprojectTests" */ = {
			isa = XCConfigurationList;
			buildConfigurations = (
				6A95AC891BCFBD3300075202 /* Debug */,
				6A95AC8A1BCFBD3300075202 /* Release */,
			);
			defaultConfigurationIsVisible = 0;
		};
		6A95AC8B1BCFBD3300075202 /* Build configuration list for PBXNativeTarget "testprojectUITests" */ = {
			isa = XCConfigurationList;
			buildConfigurations = (
				6A95AC8C1BCFBD3300075202 /* Debug */,
				6A95AC8D1BCFBD3300075202 /* Release */,
			);
			defaultConfigurationIsVisible = 0;
		};
/* End XCConfigurationList section */
	};
	rootObject = 6A95AC551BCFBD3300075202 /* Project object */;
}
